
Microsoft Visual Studio Solution File, Format Version 12.00
# Visual Studio Version 16
VisualStudioVersion = 16.0.28803.202
MinimumVisualStudioVersion = 10.0.40219.1
Project("{FAE04EC0-301F-11D3-BF4B-00C04F79EFBC}") = "ParseProject", "ParseProject.csproj", "{1F01B161-D67A-4A4C-8666-068260BD2C82}"
EndProject
Project("{FAE04EC0-301F-11D3-BF4B-00C04F79EFBC}") = "SiteInformationBuild", "..\ISiteInformationGet\SiteInformationBuild.csproj", "{9A399415-7677-4FFD-9EF9-EEC13C27CBFB}"
EndProject
Global
	GlobalSection(SolutionConfigurationPlatforms) = preSolution
		Debug|Any CPU = Debug|Any CPU
		Release|Any CPU = Release|Any CPU
	EndGlobalSection
	GlobalSection(ProjectConfigurationPlatforms) = postSolution
		{1F01B161-D67A-4A4C-8666-068260BD2C82}.Debug|Any CPU.ActiveCfg = Debug|Any CPU
		{1F01B161-D67A-4A4C-8666-068260BD2C82}.Debug|Any CPU.Build.0 = Debug|Any CPU
		{1F01B161-D67A-4A4C-8666-068260BD2C82}.Release|Any CPU.ActiveCfg = Release|Any CPU
		{1F01B161-D67A-4A4C-8666-068260BD2C82}.Release|Any CPU.Build.0 = Release|Any CPU
		{9A399415-7677-4FFD-9EF9-EEC13C27CBFB}.Debug|Any CPU.ActiveCfg = Debug|Any CPU
		{9A399415-7677-4FFD-9EF9-EEC13C27CBFB}.Debug|Any CPU.Build.0 = Debug|Any CPU
		{9A399415-7677-4FFD-9EF9-EEC13C27CBFB}.Release|Any CPU.ActiveCfg = Release|Any CPU
		{9A399415-7677-4FFD-9EF9-EEC13C27CBFB}.Release|Any CPU.Build.0 = Release|Any CPU
	EndGlobalSection
	GlobalSection(SolutionProperties) = preSolution
		HideSolutionNode = FALSE
	EndGlobalSection
	GlobalSection(ExtensibilityGlobals) = postSolution
		SolutionGuid = {37C62E8C-A429-4A64-9171-017469519B25}
	EndGlobalSection
EndGlobal
